
Microsoft Visual Studio Solution File, Format Version 12.00
# Visual Studio Version 17
VisualStudioVersion = 17.9.34310.174
MinimumVisualStudioVersion = 10.0.40219.1
Project("{FAE04EC0-301F-11D3-BF4B-00C04F79EFBC}") = "Traversal.Core", "Traversal.Core\Traversal.Core.csproj", "{A57C9D5D-6286-41BC-B1EA-0FD731238AB1}"
EndProject
Project("{FAE04EC0-301F-11D3-BF4B-00C04F79EFBC}") = "Traversal.Repository", "Traversal.Repository\Traversal.Repository.csproj", "{A4F8AC2F-885D-480F-8FC3-F03715462142}"
EndProject
Project("{FAE04EC0-301F-11D3-BF4B-00C04F79EFBC}") = "Traversal.Service", "Traversal.Service\Traversal.Service.csproj", "{725CC462-0C47-4AAC-A88B-C567249D6926}"
EndProject
Project("{FAE04EC0-301F-11D3-BF4B-00C04F79EFBC}") = "Traversal.WEB", "Traversal.WEB\Traversal.WEB.csproj", "{AC55AADE-420A-47EB-A3DF-0B693092E0C0}"
EndProject
Project("{FAE04EC0-301F-11D3-BF4B-00C04F79EFBC}") = "Traversal.API", "Traversal.API\Traversal.API.csproj", "{3BBDA589-2B6C-4A75-BD8F-2DF9347048EA}"
EndProject
Global
	GlobalSection(SolutionConfigurationPlatforms) = preSolution
		Debug|Any CPU = Debug|Any CPU
		Release|Any CPU = Release|Any CPU
	EndGlobalSection
	GlobalSection(ProjectConfigurationPlatforms) = postSolution
		{A57C9D5D-6286-41BC-B1EA-0FD731238AB1}.Debug|Any CPU.ActiveCfg = Debug|Any CPU
		{A57C9D5D-6286-41BC-B1EA-0FD731238AB1}.Debug|Any CPU.Build.0 = Debug|Any CPU
		{A57C9D5D-6286-41BC-B1EA-0FD731238AB1}.Release|Any CPU.ActiveCfg = Release|Any CPU
		{A57C9D5D-6286-41BC-B1EA-0FD731238AB1}.Release|Any CPU.Build.0 = Release|Any CPU
		{A4F8AC2F-885D-480F-8FC3-F03715462142}.Debug|Any CPU.ActiveCfg = Debug|Any CPU
		{A4F8AC2F-885D-480F-8FC3-F03715462142}.Debug|Any CPU.Build.0 = Debug|Any CPU
		{A4F8AC2F-885D-480F-8FC3-F03715462142}.Release|Any CPU.ActiveCfg = Release|Any CPU
		{A4F8AC2F-885D-480F-8FC3-F03715462142}.Release|Any CPU.Build.0 = Release|Any CPU
		{725CC462-0C47-4AAC-A88B-C567249D6926}.Debug|Any CPU.ActiveCfg = Debug|Any CPU
		{725CC462-0C47-4AAC-A88B-C567249D6926}.Debug|Any CPU.Build.0 = Debug|Any CPU
		{725CC462-0C47-4AAC-A88B-C567249D6926}.Release|Any CPU.ActiveCfg = Release|Any CPU
		{725CC462-0C47-4AAC-A88B-C567249D6926}.Release|Any CPU.Build.0 = Release|Any CPU
		{AC55AADE-420A-47EB-A3DF-0B693092E0C0}.Debug|Any CPU.ActiveCfg = Debug|Any CPU
		{AC55AADE-420A-47EB-A3DF-0B693092E0C0}.Debug|Any CPU.Build.0 = Debug|Any CPU
		{AC55AADE-420A-47EB-A3DF-0B693092E0C0}.Release|Any CPU.ActiveCfg = Release|Any CPU
		{AC55AADE-420A-47EB-A3DF-0B693092E0C0}.Release|Any CPU.Build.0 = Release|Any CPU
		{3BBDA589-2B6C-4A75-BD8F-2DF9347048EA}.Debug|Any CPU.ActiveCfg = Debug|Any CPU
		{3BBDA589-2B6C-4A75-BD8F-2DF9347048EA}.Debug|Any CPU.Build.0 = Debug|Any CPU
		{3BBDA589-2B6C-4A75-BD8F-2DF9347048EA}.Release|Any CPU.ActiveCfg = Release|Any CPU
		{3BBDA589-2B6C-4A75-BD8F-2DF9347048EA}.Release|Any CPU.Build.0 = Release|Any CPU
	EndGlobalSection
	GlobalSection(SolutionProperties) = preSolution
		HideSolutionNode = FALSE
	EndGlobalSection
	GlobalSection(ExtensibilityGlobals) = postSolution
		SolutionGuid = {8BB39BCC-0D9B-4AAD-BA4E-AF99DD78203B}
	EndGlobalSection
EndGlobal
